// !$*UTF8*$!
{
	archiveVersion = 1;
	classes = {
	};
	objectVersion = 51;
	objects = {

/* Begin PBXBuildFile section */
		8442E1C62794940D005F4AF2 /* PlayerViewController.swift in Sources */ = {isa = PBXBuildFile; fileRef = 8442E1C52794940D005F4AF2 /* PlayerViewController.swift */; };
		849100C527944B7900DE43A8 /* AppDelegate.swift in Sources */ = {isa = PBXBuildFile; fileRef = 849100C427944B7900DE43A8 /* AppDelegate.swift */; };
		849100C727944B7900DE43A8 /* SceneDelegate.swift in Sources */ = {isa = PBXBuildFile; fileRef = 849100C627944B7900DE43A8 /* SceneDelegate.swift */; };
		849100C927944B7900DE43A8 /* ViewController.swift in Sources */ = {isa = PBXBuildFile; fileRef = 849100C827944B7900DE43A8 /* ViewController.swift */; };
		849100CC27944B7900DE43A8 /* Main.storyboard in Resources */ = {isa = PBXBuildFile; fileRef = 849100CA27944B7900DE43A8 /* Main.storyboard */; };
		849100CE27944B7D00DE43A8 /* Assets.xcassets in Resources */ = {isa = PBXBuildFile; fileRef = 849100CD27944B7D00DE43A8 /* Assets.xcassets */; };
		849100D127944B7D00DE43A8 /* LaunchScreen.storyboard in Resources */ = {isa = PBXBuildFile; fileRef = 849100CF27944B7D00DE43A8 /* LaunchScreen.storyboard */; };
		849100DD2794530D00DE43A8 /* 3.mp3 in Resources */ = {isa = PBXBuildFile; fileRef = 849100DA2794530D00DE43A8 /* 3.mp3 */; };
		849100DE2794530D00DE43A8 /* 1.mp3 in Resources */ = {isa = PBXBuildFile; fileRef = 849100DB2794530D00DE43A8 /* 1.mp3 */; };
		849100DF2794530D00DE43A8 /* 2.mp3 in Resources */ = {isa = PBXBuildFile; fileRef = 849100DC2794530D00DE43A8 /* 2.mp3 */; };
		849100E22794609900DE43A8 /* Podfile in Resources */ = {isa = PBXBuildFile; fileRef = 849100E12794609900DE43A8 /* Podfile */; };
		B83BA54721F5F0D24D040BC7 /* Pods_tryMusic.framework in Frameworks */ = {isa = PBXBuildFile; fileRef = 38DB6F5FE53C102A17098409 /* Pods_tryMusic.framework */; };
/* End PBXBuildFile section */

/* Begin PBXFileReference section */
		16E5B4451D773975D2FC373B /* Pods-tryMusic.debug.xcconfig */ = {isa = PBXFileReference; includeInIndex = 1; lastKnownFileType = text.xcconfig; name = "Pods-tryMusic.debug.xcconfig"; path = "Target Support Files/Pods-tryMusic/Pods-tryMusic.debug.xcconfig"; sourceTree = "<group>"; };
		38DB6F5FE53C102A17098409 /* Pods_tryMusic.framework */ = {isa = PBXFileReference; explicitFileType = wrapper.framework; includeInIndex = 0; path = Pods_tryMusic.framework; sourceTree = BUILT_PRODUCTS_DIR; };
		61A71042C10F6EE4B2479F5C /* Pods-tryMusic.release.xcconfig */ = {isa = PBXFileReference; includeInIndex = 1; lastKnownFileType = text.xcconfig; name = "Pods-tryMusic.release.xcconfig"; path = "Target Support Files/Pods-tryMusic/Pods-tryMusic.release.xcconfig"; sourceTree = "<group>"; };
		8442E1C52794940D005F4AF2 /* PlayerViewController.swift */ = {isa = PBXFileReference; lastKnownFileType = sourcecode.swift; path = PlayerViewController.swift; sourceTree = "<group>"; };
		849100C127944B7900DE43A8 /* tryMusic.app */ = {isa = PBXFileReference; explicitFileType = wrapper.application; includeInIndex = 0; path = tryMusic.app; sourceTree = BUILT_PRODUCTS_DIR; };
		849100C427944B7900DE43A8 /* AppDelegate.swift */ = {isa = PBXFileReference; lastKnownFileType = sourcecode.swift; path = AppDelegate.swift; sourceTree = "<group>"; };
		849100C627944B7900DE43A8 /* SceneDelegate.swift */ = {isa = PBXFileReference; lastKnownFileType = sourcecode.swift; path = SceneDelegate.swift; sourceTree = "<group>"; };
		849100C827944B7900DE43A8 /* ViewController.swift */ = {isa = PBXFileReference; lastKnownFileType = sourcecode.swift; path = ViewController.swift; sourceTree = "<group>"; };
		849100CB27944B7900DE43A8 /* Base */ = {isa = PBXFileReference; lastKnownFileType = file.storyboard; name = Base; path = Base.lproj/Main.storyboard; sourceTree = "<group>"; };
		849100CD27944B7D00DE43A8 /* Assets.xcassets */ = {isa = PBXFileReference; lastKnownFileType = folder.assetcatalog; path = Assets.xcassets; sourceTree = "<group>"; };
		849100D027944B7D00DE43A8 /* Base */ = {isa = PBXFileReference; lastKnownFileType = file.storyboard; name = Base; path = Base.lproj/LaunchScreen.storyboard; sourceTree = "<group>"; };
		849100D227944B7D00DE43A8 /* Info.plist */ = {isa = PBXFileReference; lastKnownFileType = text.plist.xml; path = Info.plist; sourceTree = "<group>"; };
		849100DA2794530D00DE43A8 /* 3.mp3 */ = {isa = PBXFileReference; lastKnownFileType = audio.mp3; name = 3.mp3; path = ../../../../3.mp3; sourceTree = "<group>"; };
		849100DB2794530D00DE43A8 /* 1.mp3 */ = {isa = PBXFileReference; lastKnownFileType = audio.mp3; name = 1.mp3; path = ../../../../1.mp3; sourceTree = "<group>"; };
		849100DC2794530D00DE43A8 /* 2.mp3 */ = {isa = PBXFileReference; lastKnownFileType = audio.mp3; name = 2.mp3; path = ../../../../2.mp3; sourceTree = "<group>"; };
		849100E12794609900DE43A8 /* Podfile */ = {isa = PBXFileReference; fileEncoding = 4; lastKnownFileType = text; path = Podfile; sourceTree = "<group>"; xcLanguageSpecificationIdentifier = xcode.lang.ruby; };
/* End PBXFileReference section */

/* Begin PBXFrameworksBuildPhase section */
		849100BE27944B7900DE43A8 /* Frameworks */ = {
			isa = PBXFrameworksBuildPhase;
			buildActionMask = 2147483647;
			files = (
				B83BA54721F5F0D24D040BC7 /* Pods_tryMusic.framework in Frameworks */,
			);
			runOnlyForDeploymentPostprocessing = 0;
		};
/* End PBXFrameworksBuildPhase section */

/* Begin PBXGroup section */
		849100B827944B7900DE43A8 = {
			isa = PBXGroup;
			children = (
				849100E12794609900DE43A8 /* Podfile */,
				849100C327944B7900DE43A8 /* tryMusic */,
				849100C227944B7900DE43A8 /* Products */,
				F2128FB227C5C6252F046CDF /* Pods */,
				989AA3DCB7E04548268FAFA6 /* Frameworks */,
			);
			sourceTree = "<group>";
		};
		849100C227944B7900DE43A8 /* Products */ = {
			isa = PBXGroup;
			children = (
				849100C127944B7900DE43A8 /* tryMusic.app */,
			);
			name = Products;
			sourceTree = "<group>";
		};
		849100C327944B7900DE43A8 /* tryMusic */ = {
			isa = PBXGroup;
			children = (
				849100D9279450FC00DE43A8 /* Audio */,
				849100C427944B7900DE43A8 /* AppDelegate.swift */,
				849100C627944B7900DE43A8 /* SceneDelegate.swift */,
				849100C827944B7900DE43A8 /* ViewController.swift */,
				849100CA27944B7900DE43A8 /* Main.storyboard */,
				849100CD27944B7D00DE43A8 /* Assets.xcassets */,
				849100CF27944B7D00DE43A8 /* LaunchScreen.storyboard */,
				849100D227944B7D00DE43A8 /* Info.plist */,
				8442E1C52794940D005F4AF2 /* PlayerViewController.swift */,
			);
			path = tryMusic;
			sourceTree = "<group>";
		};
		849100D9279450FC00DE43A8 /* Audio */ = {
			isa = PBXGroup;
			children = (
				849100DB2794530D00DE43A8 /* 1.mp3 */,
				849100DC2794530D00DE43A8 /* 2.mp3 */,
				849100DA2794530D00DE43A8 /* 3.mp3 */,
			);
			path = Audio;
			sourceTree = "<group>";
		};
		989AA3DCB7E04548268FAFA6 /* Frameworks */ = {
			isa = PBXGroup;
			children = (
				38DB6F5FE53C102A17098409 /* Pods_tryMusic.framework */,
			);
			name = Frameworks;
			sourceTree = "<group>";
		};
		F2128FB227C5C6252F046CDF /* Pods */ = {
			isa = PBXGroup;
			children = (
				16E5B4451D773975D2FC373B /* Pods-tryMusic.debug.xcconfig */,
				61A71042C10F6EE4B2479F5C /* Pods-tryMusic.release.xcconfig */,
			);
			path = Pods;
			sourceTree = "<group>";
		};
/* End PBXGroup section */

/* Begin PBXNativeTarget section */
		849100C027944B7900DE43A8 /* tryMusic */ = {
			isa = PBXNativeTarget;
			buildConfigurationList = 849100D527944B7D00DE43A8 /* Build configuration list for PBXNativeTarget "tryMusic" */;
			buildPhases = (
				02CB2C55579BAEEDE784EEF7 /* [CP] Check Pods Manifest.lock */,
				849100BD27944B7900DE43A8 /* Sources */,
				849100BE27944B7900DE43A8 /* Frameworks */,
				849100BF27944B7900DE43A8 /* Resources */,
				2E323EA671E4BCF3FC702FFB /* [CP] Embed Pods Frameworks */,
			);
			buildRules = (
			);
			dependencies = (
			);
			name = tryMusic;
			productName = tryMusic;
			productReference = 849100C127944B7900DE43A8 /* tryMusic.app */;
			productType = "com.apple.product-type.application";
		};
/* End PBXNativeTarget section */

/* Begin PBXProject section */
		849100B927944B7900DE43A8 /* Project object */ = {
			isa = PBXProject;
			attributes = {
				LastSwiftUpdateCheck = 1240;
				LastUpgradeCheck = 1240;
				TargetAttributes = {
					849100C027944B7900DE43A8 = {
						CreatedOnToolsVersion = 12.4;
					};
				};
			};
			buildConfigurationList = 849100BC27944B7900DE43A8 /* Build configuration list for PBXProject "tryMusic" */;
			compatibilityVersion = "Xcode 9.3";
			developmentRegion = en;
			hasScannedForEncodings = 0;
			knownRegions = (
				en,
				Base,
			);
			mainGroup = 849100B827944B7900DE43A8;
			productRefGroup = 849100C227944B7900DE43A8 /* Products */;
			projectDirPath = "";
			projectRoot = "";
			targets = (
				849100C027944B7900DE43A8 /* tryMusic */,
			);
		};
/* End PBXProject section */

/* Begin PBXResourcesBuildPhase section */
		849100BF27944B7900DE43A8 /* Resources */ = {
			isa = PBXResourcesBuildPhase;
			buildActionMask = 2147483647;
			files = (
				849100D127944B7D00DE43A8 /* LaunchScreen.storyboard in Resources */,
				849100CE27944B7D00DE43A8 /* Assets.xcassets in Resources */,
				849100DD2794530D00DE43A8 /* 3.mp3 in Resources */,
				849100DF2794530D00DE43A8 /* 2.mp3 in Resources */,
				849100CC27944B7900DE43A8 /* Main.storyboard in Resources */,
				849100E22794609900DE43A8 /* Podfile in Resources */,
				849100DE2794530D00DE43A8 /* 1.mp3 in Resources */,
			);
			runOnlyForDeploymentPostprocessing = 0;
		};
/* End PBXResourcesBuildPhase section */

/* Begin PBXShellScriptBuildPhase section */
		02CB2C55579BAEEDE784EEF7 /* [CP] Check Pods Manifest.lock */ = {
			isa = PBXShellScriptBuildPhase;
			buildActionMask = 2147483647;
			files = (
			);
			inputFileListPaths = (
			);
			inputPaths = (
				"${PODS_PODFILE_DIR_PATH}/Podfile.lock",
				"${PODS_ROOT}/Manifest.lock",
			);
			name = "[CP] Check Pods Manifest.lock";
			outputFileListPaths = (
			);
			outputPaths = (
				"$(DERIVED_FILE_DIR)/Pods-tryMusic-checkManifestLockResult.txt",
			);
			runOnlyForDeploymentPostprocessing = 0;
			shellPath = /bin/sh;
			shellScript = "diff \"${PODS_PODFILE_DIR_PATH}/Podfile.lock\" \"${PODS_ROOT}/Manifest.lock\" > /dev/null\nif [ $? != 0 ] ; then\n    # print error to STDERR\n    echo \"error: The sandbox is not in sync with the Podfile.lock. Run 'pod install' or update your CocoaPods installation.\" >&2\n    exit 1\nfi\n# This output is used by Xcode 'outputs' to avoid re-running this script phase.\necho \"SUCCESS\" > \"${SCRIPT_OUTPUT_FILE_0}\"\n";
			showEnvVarsInLog = 0;
		};
		2E323EA671E4BCF3FC702FFB /* [CP] Embed Pods Frameworks */ = {
			isa = PBXShellScriptBuildPhase;
			buildActionMask = 2147483647;
			files = (
			);
			inputFileListPaths = (
				"${PODS_ROOT}/Target Support Files/Pods-tryMusic/Pods-tryMusic-frameworks-${CONFIGURATION}-input-files.xcfilelist",
			);
			name = "[CP] Embed Pods Frameworks";
			outputFileListPaths = (
				"${PODS_ROOT}/Target Support Files/Pods-tryMusic/Pods-tryMusic-frameworks-${CONFIGURATION}-output-files.xcfilelist",
			);
			runOnlyForDeploymentPostprocessing = 0;
			shellPath = /bin/sh;
			shellScript = "\"${PODS_ROOT}/Target Support Files/Pods-tryMusic/Pods-tryMusic-frameworks.sh\"\n";
			showEnvVarsInLog = 0;
		};
/* End PBXShellScriptBuildPhase section */

/* Begin PBXSourcesBuildPhase section */
		849100BD27944B7900DE43A8 /* Sources */ = {
			isa = PBXSourcesBuildPhase;
			buildActionMask = 2147483647;
			files = (
				849100C927944B7900DE43A8 /* ViewController.swift in Sources */,
				8442E1C62794940D005F4AF2 /* PlayerViewController.swift in Sources */,
				849100C527944B7900DE43A8 /* AppDelegate.swift in Sources */,
				849100C727944B7900DE43A8 /* SceneDelegate.swift in Sources */,
			);
			runOnlyForDeploymentPostprocessing = 0;
		};
/* End PBXSourcesBuildPhase section */

/* Begin PBXVariantGroup section */
		849100CA27944B7900DE43A8 /* Main.storyboard */ = {
			isa = PBXVariantGroup;
			children = (
				849100CB27944B7900DE43A8 /* Base */,
			);
			name = Main.storyboard;
			sourceTree = "<group>";
		};
		849100CF27944B7D00DE43A8 /* LaunchScreen.storyboard */ = {
			isa = PBXVariantGroup;
			children = (
				849100D027944B7D00DE43A8 /* Base */,
			);
			name = LaunchScreen.storyboard;
			sourceTree = "<group>";
		};
/* End PBXVariantGroup section */

/* Begin XCBuildConfiguration section */
		849100D327944B7D00DE43A8 /* Debug */ = {
			isa = XCBuildConfiguration;
			buildSettings = {
				ALWAYS_SEARCH_USER_PATHS = NO;
				CLANG_ANALYZER_NONNULL = YES;
				CLANG_ANALYZER_NUMBER_OBJECT_CONVERSION = YES_AGGRESSIVE;
				CLANG_CXX_LANGUAGE_STANDARD = "gnu++14";
				CLANG_CXX_LIBRARY = "libc++";
				CLANG_ENABLE_MODULES = YES;
				CLANG_ENABLE_OBJC_ARC = YES;
				CLANG_ENABLE_OBJC_WEAK = YES;
				CLANG_WARN_BLOCK_CAPTURE_AUTORELEASING = YES;
				CLANG_WARN_BOOL_CONVERSION = YES;
				CLANG_WARN_COMMA = YES;
				CLANG_WARN_CONSTANT_CONVERSION = YES;
				CLANG_WARN_DEPRECATED_OBJC_IMPLEMENTATIONS = YES;
				CLANG_WARN_DIRECT_OBJC_ISA_USAGE = YES_ERROR;
				CLANG_WARN_DOCUMENTATION_COMMENTS = YES;
				CLANG_WARN_EMPTY_BODY = YES;
				CLANG_WARN_ENUM_CONVERSION = YES;
				CLANG_WARN_INFINITE_RECURSION = YES;
				CLANG_WARN_INT_CONVERSION = YES;
				CLANG_WARN_NON_LITERAL_NULL_CONVERSION = YES;
				CLANG_WARN_OBJC_IMPLICIT_RETAIN_SELF = YES;
				CLANG_WARN_OBJC_LITERAL_CONVERSION = YES;
				CLANG_WARN_OBJC_ROOT_CLASS = YES_ERROR;
				CLANG_WARN_QUOTED_INCLUDE_IN_FRAMEWORK_HEADER = YES;
				CLANG_WARN_RANGE_LOOP_ANALYSIS = YES;
				CLANG_WARN_STRICT_PROTOTYPES = YES;
				CLANG_WARN_SUSPICIOUS_MOVE = YES;
				CLANG_WARN_UNGUARDED_AVAILABILITY = YES_AGGRESSIVE;
				CLANG_WARN_UNREACHABLE_CODE = YES;
				CLANG_WARN__DUPLICATE_METHOD_MATCH = YES;
				COPY_PHASE_STRIP = NO;
				DEBUG_INFORMATION_FORMAT = dwarf;
				ENABLE_STRICT_OBJC_MSGSEND = YES;
				ENABLE_TESTABILITY = YES;
				GCC_C_LANGUAGE_STANDARD = gnu11;
				GCC_DYNAMIC_NO_PIC = NO;
				GCC_NO_COMMON_BLOCKS = YES;
				GCC_OPTIMIZATION_LEVEL = 0;
				GCC_PREPROCESSOR_DEFINITIONS = (
					"DEBUG=1",
					"$(inherited)",
				);
				GCC_WARN_64_TO_32_BIT_CONVERSION = YES;
				GCC_WARN_ABOUT_RETURN_TYPE = YES_ERROR;
				GCC_WARN_UNDECLARED_SELECTOR = YES;
				GCC_WARN_UNINITIALIZED_AUTOS = YES_AGGRESSIVE;
				GCC_WARN_UNUSED_FUNCTION = YES;
				GCC_WARN_UNUSED_VARIABLE = YES;
				IPHONEOS_DEPLOYMENT_TARGET = 14.4;
				MTL_ENABLE_DEBUG_INFO = INCLUDE_SOURCE;
				MTL_FAST_MATH = YES;
				ONLY_ACTIVE_ARCH = YES;
				SDKROOT = iphoneos;
				SWIFT_ACTIVE_COMPILATION_CONDITIONS = DEBUG;
				SWIFT_OPTIMIZATION_LEVEL = "-Onone";
			};
			name = Debug;
		};
		849100D427944B7D00DE43A8 /* Release */ = {
			isa = XCBuildConfiguration;
			buildSettings = {
				ALWAYS_SEARCH_USER_PATHS = NO;
				CLANG_ANALYZER_NONNULL = YES;
				CLANG_ANALYZER_NUMBER_OBJECT_CONVERSION = YES_AGGRESSIVE;
				CLANG_CXX_LANGUAGE_STANDARD = "gnu++14";
				CLANG_CXX_LIBRARY = "libc++";
				CLANG_ENABLE_MODULES = YES;
				CLANG_ENABLE_OBJC_ARC = YES;
				CLANG_ENABLE_OBJC_WEAK = YES;
				CLANG_WARN_BLOCK_CAPTURE_AUTORELEASING = YES;
				CLANG_WARN_BOOL_CONVERSION = YES;
				CLANG_WARN_COMMA = YES;
				CLANG_WARN_CONSTANT_CONVERSION = YES;
				CLANG_WARN_DEPRECATED_OBJC_IMPLEMENTATIONS = YES;
				CLANG_WARN_DIRECT_OBJC_ISA_USAGE = YES_ERROR;
				CLANG_WARN_DOCUMENTATION_COMMENTS = YES;
				CLANG_WARN_EMPTY_BODY = YES;
				CLANG_WARN_ENUM_CONVERSION = YES;
				CLANG_WARN_INFINITE_RECURSION = YES;
				CLANG_WARN_INT_CONVERSION = YES;
				CLANG_WARN_NON_LITERAL_NULL_CONVERSION = YES;
				CLANG_WARN_OBJC_IMPLICIT_RETAIN_SELF = YES;
				CLANG_WARN_OBJC_LITERAL_CONVERSION = YES;
				CLANG_WARN_OBJC_ROOT_CLASS = YES_ERROR;
				CLANG_WARN_QUOTED_INCLUDE_IN_FRAMEWORK_HEADER = YES;
				CLANG_WARN_RANGE_LOOP_ANALYSIS = YES;
				CLANG_WARN_STRICT_PROTOTYPES = YES;
				CLANG_WARN_SUSPICIOUS_MOVE = YES;
				CLANG_WARN_UNGUARDED_AVAILABILITY = YES_AGGRESSIVE;
				CLANG_WARN_UNREACHABLE_CODE = YES;
				CLANG_WARN__DUPLICATE_METHOD_MATCH = YES;
				COPY_PHASE_STRIP = NO;
				DEBUG_INFORMATION_FORMAT = "dwarf-with-dsym";
				ENABLE_NS_ASSERTIONS = NO;
				ENABLE_STRICT_OBJC_MSGSEND = YES;
				GCC_C_LANGUAGE_STANDARD = gnu11;
				GCC_NO_COMMON_BLOCKS = YES;
				GCC_WARN_64_TO_32_BIT_CONVERSION = YES;
				GCC_WARN_ABOUT_RETURN_TYPE = YES_ERROR;
				GCC_WARN_UNDECLARED_SELECTOR = YES;
				GCC_WARN_UNINITIALIZED_AUTOS = YES_AGGRESSIVE;
				GCC_WARN_UNUSED_FUNCTION = YES;
				GCC_WARN_UNUSED_VARIABLE = YES;
				IPHONEOS_DEPLOYMENT_TARGET = 14.4;
				MTL_ENABLE_DEBUG_INFO = NO;
				MTL_FAST_MATH = YES;
				SDKROOT = iphoneos;
				SWIFT_COMPILATION_MODE = wholemodule;
				SWIFT_OPTIMIZATION_LEVEL = "-O";
				VALIDATE_PRODUCT = YES;
			};
			name = Release;
		};
		849100D627944B7D00DE43A8 /* Debug */ = {
			isa = XCBuildConfiguration;
			baseConfigurationReference = 16E5B4451D773975D2FC373B /* Pods-tryMusic.debug.xcconfig */;
			buildSettings = {
				ASSETCATALOG_COMPILER_APPICON_NAME = AppIcon;
				ASSETCATALOG_COMPILER_GLOBAL_ACCENT_COLOR_NAME = AccentColor;
				CODE_SIGN_STYLE = Automatic;
				DEVELOPMENT_TEAM = 59QPJKS93J;
				INFOPLIST_FILE = tryMusic/Info.plist;
				LD_RUNPATH_SEARCH_PATHS = (
					"$(inherited)",
					"@executable_path/Frameworks",
				);
				PRODUCT_BUNDLE_IDENTIFIER = tolga.polat.tryMusic;
				PRODUCT_NAME = "$(TARGET_NAME)";
				SWIFT_VERSION = 5.0;
				TARGETED_DEVICE_FAMILY = "1,2";
			};
			name = Debug;
		};
		849100D727944B7D00DE43A8 /* Release */ = {
			isa = XCBuildConfiguration;
			baseConfigurationReference = 61A71042C10F6EE4B2479F5C /* Pods-tryMusic.release.xcconfig */;
			buildSettings = {
				ASSETCATALOG_COMPILER_APPICON_NAME = AppIcon;
				ASSETCATALOG_COMPILER_GLOBAL_ACCENT_COLOR_NAME = AccentColor;
				CODE_SIGN_STYLE = Automatic;
				DEVELOPMENT_TEAM = 59QPJKS93J;
				INFOPLIST_FILE = tryMusic/Info.plist;
				LD_RUNPATH_SEARCH_PATHS = (
					"$(inherited)",
					"@executable_path/Frameworks",
				);
				PRODUCT_BUNDLE_IDENTIFIER = tolga.polat.tryMusic;
				PRODUCT_NAME = "$(TARGET_NAME)";
				SWIFT_VERSION = 5.0;
				TARGETED_DEVICE_FAMILY = "1,2";
			};
			name = Release;
		};
/* End XCBuildConfiguration section */

/* Begin XCConfigurationList section */
		849100BC27944B7900DE43A8 /* Build configuration list for PBXProject "tryMusic" */ = {
			isa = XCConfigurationList;
			buildConfigurations = (
				849100D327944B7D00DE43A8 /* Debug */,
				849100D427944B7D00DE43A8 /* Release */,
			);
			defaultConfigurationIsVisible = 0;
			defaultConfigurationName = Release;
		};
		849100D527944B7D00DE43A8 /* Build configuration list for PBXNativeTarget "tryMusic" */ = {
			isa = XCConfigurationList;
			buildConfigurations = (
				849100D627944B7D00DE43A8 /* Debug */,
				849100D727944B7D00DE43A8 /* Release */,
			);
			defaultConfigurationIsVisible = 0;
			defaultConfigurationName = Release;
		};
/* End XCConfigurationList section */
	};
	rootObject = 849100B927944B7900DE43A8 /* Project object */;
}
